
Microsoft Visual Studio Solution File, Format Version 12.00
# Visual Studio 15
VisualStudioVersion = 15.0.27004.2008
MinimumVisualStudioVersion = 10.0.40219.1
Project("{FAE04EC0-301F-11D3-BF4B-00C04F79EFBC}") = "audio transcriber", "audio transcriber\audio transcriber.csproj", "{959058F1-1956-435E-9665-012742E9A9B2}"
EndProject
Global
	GlobalSection(SolutionConfigurationPlatforms) = preSolution
		Debug|Any CPU = Debug|Any CPU
		Release|Any CPU = Release|Any CPU
	EndGlobalSection
	GlobalSection(ProjectConfigurationPlatforms) = postSolution
		{959058F1-1956-435E-9665-012742E9A9B2}.Debug|Any CPU.ActiveCfg = Debug|Any CPU
		{959058F1-1956-435E-9665-012742E9A9B2}.Debug|Any CPU.Build.0 = Debug|Any CPU
		{959058F1-1956-435E-9665-012742E9A9B2}.Release|Any CPU.ActiveCfg = Release|Any CPU
		{959058F1-1956-435E-9665-012742E9A9B2}.Release|Any CPU.Build.0 = Release|Any CPU
	EndGlobalSection
	GlobalSection(SolutionProperties) = preSolution
		HideSolutionNode = FALSE
	EndGlobalSection
	GlobalSection(ExtensibilityGlobals) = postSolution
		SolutionGuid = {59362EA6-4131-4CDD-A6D6-F6517E787835}
	EndGlobalSection
EndGlobal
